
Microsoft Visual Studio Solution File, Format Version 12.00
# Visual Studio 2013
VisualStudioVersion = 12.0.21005.1
MinimumVisualStudioVersion = 10.0.40219.1
Project("{FAE04EC0-301F-11D3-BF4B-00C04F79EFBC}") = "CandidateExercise", "CandidateExercise\CandidateExercise.csproj", "{59E66F6D-8281-4076-858D-0A0459BDF817}"
EndProject
Project("{FAE04EC0-301F-11D3-BF4B-00C04F79EFBC}") = "SpecflowExercise", "SpecflowExercise\SpecflowExercise.csproj", "{166C4EEB-F02F-4372-BC9E-28FF07EBDA52}"
EndProject
Project("{2150E333-8FDC-42A3-9474-1A3956D46DE8}") = "Tests", "Tests", "{766CD855-F203-46E4-9A15-21200B63D60B}"
EndProject
Project("{2150E333-8FDC-42A3-9474-1A3956D46DE8}") = "TestResults", "TestResults", "{DEE47EDE-7944-4C10-966A-4901266F3BBE}"
EndProject
Global
	GlobalSection(SolutionConfigurationPlatforms) = preSolution
		Debug|Any CPU = Debug|Any CPU
		Release|Any CPU = Release|Any CPU
	EndGlobalSection
	GlobalSection(ProjectConfigurationPlatforms) = postSolution
		{59E66F6D-8281-4076-858D-0A0459BDF817}.Debug|Any CPU.ActiveCfg = Debug|Any CPU
		{59E66F6D-8281-4076-858D-0A0459BDF817}.Debug|Any CPU.Build.0 = Debug|Any CPU
		{59E66F6D-8281-4076-858D-0A0459BDF817}.Release|Any CPU.ActiveCfg = Release|Any CPU
		{59E66F6D-8281-4076-858D-0A0459BDF817}.Release|Any CPU.Build.0 = Release|Any CPU
		{166C4EEB-F02F-4372-BC9E-28FF07EBDA52}.Debug|Any CPU.ActiveCfg = Debug|Any CPU
		{166C4EEB-F02F-4372-BC9E-28FF07EBDA52}.Debug|Any CPU.Build.0 = Debug|Any CPU
		{166C4EEB-F02F-4372-BC9E-28FF07EBDA52}.Release|Any CPU.ActiveCfg = Release|Any CPU
		{166C4EEB-F02F-4372-BC9E-28FF07EBDA52}.Release|Any CPU.Build.0 = Release|Any CPU
	EndGlobalSection
	GlobalSection(SolutionProperties) = preSolution
		HideSolutionNode = FALSE
	EndGlobalSection
	GlobalSection(NestedProjects) = preSolution
		{DEE47EDE-7944-4C10-966A-4901266F3BBE} = {766CD855-F203-46E4-9A15-21200B63D60B}
	EndGlobalSection
EndGlobal
